
Microsoft Visual Studio Solution File, Format Version 12.00
# Visual Studio Version 16
VisualStudioVersion = 16.0.31019.35
MinimumVisualStudioVersion = 10.0.40219.1
Project("{FAE04EC0-301F-11D3-BF4B-00C04F79EFBC}") = "WPF_RemoveLine", "WPF_RemoveLine.csproj", "{59984E5B-1CFE-43CA-8F89-C01A2AA4ABC5}"
EndProject
Global
	GlobalSection(SolutionConfigurationPlatforms) = preSolution
		Debug|Any CPU = Debug|Any CPU
		Release|Any CPU = Release|Any CPU
	EndGlobalSection
	GlobalSection(ProjectConfigurationPlatforms) = postSolution
		{59984E5B-1CFE-43CA-8F89-C01A2AA4ABC5}.Debug|Any CPU.ActiveCfg = Debug|Any CPU
		{59984E5B-1CFE-43CA-8F89-C01A2AA4ABC5}.Debug|Any CPU.Build.0 = Debug|Any CPU
		{59984E5B-1CFE-43CA-8F89-C01A2AA4ABC5}.Release|Any CPU.ActiveCfg = Release|Any CPU
		{59984E5B-1CFE-43CA-8F89-C01A2AA4ABC5}.Release|Any CPU.Build.0 = Release|Any CPU
	EndGlobalSection
	GlobalSection(SolutionProperties) = preSolution
		HideSolutionNode = FALSE
	EndGlobalSection
	GlobalSection(ExtensibilityGlobals) = postSolution
		SolutionGuid = {3C08A220-59CB-4AD4-A372-9C7647DB95E7}
	EndGlobalSection
EndGlobal
